github.com/Mericusta/go-stp v0.2.0 h1:IdYqNNn38aM0jPfoMnGGvC7kqN9c/8TcVZGF9cCEztc=
github.com/Mericusta/go-stp v0.2.0/go.mod h1:eMZ5CzAcjOon8DrcVJhhvP4+CzonsjXdHj/ZcHqyf04=
github.com/Mericusta/go-stp v0.3.0 h1:ARuzP4bXS1/r/a9FVSmrXVuYpC5VpOpjmBZ7Wov4hNQ=
github.com/Mericusta/go-stp v0.3.0/go.mod h1:QWvceWQxbtUdM5ImfE2W4Bdp1USSssPOM4j0AGsSSe4=
